
Microsoft Visual Studio Solution File, Format Version 12.00
# Visual Studio Version 17
VisualStudioVersion = 17.14.36401.2 d17.14
MinimumVisualStudioVersion = 10.0.40219.1
Project("{FAE04EC0-301F-11D3-BF4B-00C04F79EFBC}") = "GD13_1333_Lab_Shomu", "GD13_1333_Lab_Shomu.csproj", "{38DEC3B1-7E89-49AA-8A52-B586AB959C25}"
EndProject
Global
	GlobalSection(SolutionConfigurationPlatforms) = preSolution
		Debug|Any CPU = Debug|Any CPU
		Release|Any CPU = Release|Any CPU
	EndGlobalSection
	GlobalSection(ProjectConfigurationPlatforms) = postSolution
		{38DEC3B1-7E89-49AA-8A52-B586AB959C25}.Debug|Any CPU.ActiveCfg = Debug|Any CPU
		{38DEC3B1-7E89-49AA-8A52-B586AB959C25}.Debug|Any CPU.Build.0 = Debug|Any CPU
		{38DEC3B1-7E89-49AA-8A52-B586AB959C25}.Release|Any CPU.ActiveCfg = Release|Any CPU
		{38DEC3B1-7E89-49AA-8A52-B586AB959C25}.Release|Any CPU.Build.0 = Release|Any CPU
	EndGlobalSection
	GlobalSection(SolutionProperties) = preSolution
		HideSolutionNode = FALSE
	EndGlobalSection
	GlobalSection(ExtensibilityGlobals) = postSolution
		SolutionGuid = {3938E201-E192-4CF3-83E7-C97DA2C25189}
	EndGlobalSection
EndGlobal
